lockfileVersion: '9.0'

settings:
  autoInstallPeers: true
  excludeLinksFromLockfile: false

importers:

  .:
    dependencies:
      '@codama/nodes':
        specifier: ^1.3.7
        version: 1.3.7
      '@codama/nodes-from-anchor':
        specifier: ^1.2.9
        version: 1.2.9(fastestsmallesttextencoderdecoder@1.0.22)(typescript@5.8.3)
      '@codama/renderers-core':
        specifier: ^1.2.2
        version: 1.2.2
      '@codama/renderers-vixen-parser':
        specifier: ^1.2.6
        version: 1.2.6(fastestsmallesttextencoderdecoder@1.0.22)(typescript@5.8.3)
      '@codama/visitors-core':
        specifier: ^1.3.7
        version: 1.3.7
      codama:
        specifier: ^1.3.7
        version: 1.3.7

packages:

  '@codama/cli@1.3.5':
    resolution: {integrity: sha512-UgJGaTK2TXnbRcnCgReKqcDFjU941XZTvA0qbSiFH0Njrwb0kcLkKirMKwdyDaCHry7QcybzIKbp4ErrwqExMA==}
    hasBin: true

  '@codama/errors@1.3.7':
    resolution: {integrity: sha512-96BF8agDVc2vAgL4qw1lZZfuJ7XBefdzTBk2VOUnOhdMQiLb0QhJCC4BH88OcL+rZXQdet4pk7Qwarj1I1GFKg==}
    hasBin: true

  '@codama/node-types@1.3.7':
    resolution: {integrity: sha512-L9UTFfoeki5t+BYJAa4OMsqBPpbMbx8YJQar+55mYcjwGlJsKJW7mRfLYvwEFkCUYyLdNva40OVmTf88jccZCA==}

  '@codama/nodes-from-anchor@1.2.9':
    resolution: {integrity: sha512-n+53VumtguLeSzGWZLpJqWRqs+r8NkWb1w8Ci0AuWQ6Qwfbbk9LknUg1XkqpgZZuq2Hh/Xoy28yHBl2JeIXi3w==}

  '@codama/nodes@1.3.7':
    resolution: {integrity: sha512-3OV6SIBcqsIDARyzZVGdfnffNlnKSYcb0aGp/9Liz5/EID0oBTIyuh/Cmj5Ww6RX4WPb+GNAxABAGW94zbcfQg==}

  '@codama/renderers-core@1.2.2':
    resolution: {integrity: sha512-dPyHgn5L45G+tWP17ITvOlpX3+s2FcJHMjAhFZlmUHAJpH/wl+UsUwuWg698iSb56Er2jUwqX7srw5iZf7XHjQ==}

  '@codama/renderers-rust@1.2.6':
    resolution: {integrity: sha512-PBFuUfr7yn0QjF/mDLY9U3IsF0h3HJWv8UsuOV3BEhO82ZAdP4XyclNUj7YxF+L417BN/0FzsMr3zdZqe6dbuw==}
    engines: {node: '>=20.18.0'}

  '@codama/renderers-vixen-parser@1.2.6':
    resolution: {integrity: sha512-TOo+38f2Y2Hl0Mvapqnz0g3xehEz11Iw0NIUqxlcvWTlSL4RwSXbFRNTEdgM13/FjvzVWUQ5BXK2GiMNLEhgsA==}
    engines: {node: '>=20.18.0'}

  '@codama/validators@1.3.7':
    resolution: {integrity: sha512-OxuPhIPcuqSLmwDTcl9+VyEq6mwsLLqVXtQjgQgjEpr0IO/KAV9RG98Ye2yoK21jEVGDnzN9jsSQVHysRfpMMA==}

  '@codama/visitors-core@1.3.7':
    resolution: {integrity: sha512-B1JnzhRDJiLxewha/F3YzeEp8Zrtd7eKiGNJFJHSPufAnIVm2lQUDaKS+OrAOHnSRmRKIAVdzfpFpdz6EM0N6Q==}

  '@codama/visitors@1.3.7':
    resolution: {integrity: sha512-pIVK84G4dquvDXmr0q9GACcwDROw7DOBz0Kk/qt837FsKYr37xc6nU2LIguXu8QVIFOHBZk1HVAb7/S0eo/dqg==}

  '@noble/hashes@1.8.0':
    resolution: {integrity: sha512-jCs9ldd7NwzpgXDIf6P3+NrHh9/sD6CQdxHyjQI+h/6rDNo88ypBxxz45UDuZHz9r3tNz7N/VInSVoVdtXEI4A==}
    engines: {node: ^14.21.3 || >=16}

  '@solana/codecs-core@3.0.3':
    resolution: {integrity: sha512-emKykJ3h1DmnDOY29Uv9eJXP8E/FHzvlUBJ6te+5EbKdFjj7vdlKYPfDxOI6iGdXTY+YC/ELtbNBh6QwF2uEDQ==}
    engines: {node: '>=20.18.0'}
    peerDependencies:
      typescript: '>=5.3.3'

  '@solana/codecs-data-structures@3.0.3':
    resolution: {integrity: sha512-R15cLp8riJvToXziW8lP6AMSwsztGhEnwgyGmll32Mo0Yjq+hduW2/fJrA/TJs6tA/OgTzMQjlxgk009EqZHCw==}
    engines: {node: '>=20.18.0'}
    peerDependencies:
      typescript: '>=5.3.3'

  '@solana/codecs-numbers@3.0.3':
    resolution: {integrity: sha512-pfXkH9J0glrM8qj6389GAn30+cJOxzXLR2FsPOHCUMXrqLhGjMMZAWhsQkpOQ37SGc/7EiQsT/gmyGC7gxHqJQ==}
    engines: {node: '>=20.18.0'}
    peerDependencies:
      typescript: '>=5.3.3'

  '@solana/codecs-strings@3.0.3':
    resolution: {integrity: sha512-VHBXnnTVtcQ1j+7Vrz+qSYo38no+jiHRdGnhFspRXEHNJbllzwKqgBE7YN3qoIXH+MKxgJUcwO5KHmdzf8Wn2A==}
    engines: {node: '>=20.18.0'}
    peerDependencies:
      fastestsmallesttextencoderdecoder: ^1.0.22
      typescript: '>=5.3.3'

  '@solana/codecs@3.0.3':
    resolution: {integrity: sha512-GOHwTlIQsCoJx9Ryr6cEf0FHKAQ7pY4aO4xgncAftrv0lveTQ1rPP2inQ1QT0gJllsIa8nwbfXAADs9nNJxQDA==}
    engines: {node: '>=20.18.0'}
    peerDependencies:
      typescript: '>=5.3.3'

  '@solana/errors@3.0.3':
    resolution: {integrity: sha512-1l84xJlHNva6io62PcYfUamwWlc0eM95nHgCrKX0g0cLoC6D6QHYPCEbEVkR+C5UtP9JDgyQM8MFiv+Ei5tO9Q==}
    engines: {node: '>=20.18.0'}
    hasBin: true
    peerDependencies:
      typescript: '>=5.3.3'

  '@solana/options@3.0.3':
    resolution: {integrity: sha512-jarsmnQ63RN0JPC5j9sgUat07NrL9PC71XU7pUItd6LOHtu4+wJMio3l5mT0DHVfkfbFLL6iI6+QmXSVhTNF3g==}
    engines: {node: '>=20.18.0'}
    peerDependencies:
      typescript: '>=5.3.3'

  a-sync-waterfall@1.0.1:
    resolution: {integrity: sha512-RYTOHHdWipFUliRFMCS4X2Yn2X8M87V/OpSqWzKKOGhzqyUxzyVmhHDH9sAvG+ZuQf/TAOFsLCpMw09I1ufUnA==}

  asap@2.0.6:
    resolution: {integrity: sha512-BSHWgDSAiKs50o2Re8ppvp3seVHXSRM44cdSsT9FfNEUUZLOGWVCsiWaRPWM1Znn+mqZ1OfVZ3z3DWEzSp7hRA==}

  call-bind-apply-helpers@1.0.2:
    resolution: {integrity: sha512-Sp1ablJ0ivDkSzjcaJdxEunN5/XvksFJ2sMBFfq6x0ryhQV/2b/KwFe21cMpmHtPOSij8K99/wSfoEuTObmuMQ==}
    engines: {node: '>= 0.4'}

  call-bind@1.0.8:
    resolution: {integrity: sha512-oKlSFMcMwpUg2ednkhQ454wfWiU/ul3CkJe/PEHcTKuiX6RpbehUiFMXu13HalGZxfUwCQzZG747YXBn1im9ww==}
    engines: {node: '>= 0.4'}

  call-bound@1.0.4:
    resolution: {integrity: sha512-+ys997U96po4Kx/ABpBCqhA9EuxJaQWDQg7295H4hBphv3IZg0boBKuwYpt4YXp6MZ5AmZQnU/tyMTlRpaSejg==}
    engines: {node: '>= 0.4'}

  chalk@5.6.2:
    resolution: {integrity: sha512-7NzBL0rN6fMUW+f7A6Io4h40qQlG+xGmtMxfbnH/K7TAtt8JQWVQK+6g0UXKMeVJoyV5EkkNsErQ8pVD3bLHbA==}
    engines: {node: ^12.17.0 || ^14.13 || >=16.0.0}

  codama@1.3.7:
    resolution: {integrity: sha512-+pUJrvSG3bO4QvfcWfc14p3sklzHRB/lV4gjnXPhyb7T6nCFwYpNWv6/bFuqQyUSgSNI1n3tst/I9EhoPXOjbw==}
    hasBin: true

  commander@14.0.0:
    resolution: {integrity: sha512-2uM9rYjPvyq39NwLRqaiLtWHyDC1FvryJDa2ATTVims5YAS4PupsEQsDvP14FqhFr0P49CYDugi59xaxJlTXRA==}
    engines: {node: '>=20'}

  commander@14.0.1:
    resolution: {integrity: sha512-2JkV3gUZUVrbNA+1sjBOYLsMZ5cEEl8GTFP2a4AVz5hvasAMCQ1D2l2le/cX+pV4N6ZU17zjUahLpIXRrnWL8A==}
    engines: {node: '>=20'}

  commander@5.1.0:
    resolution: {integrity: sha512-P0CysNDQ7rtVw4QIQtm+MRxV66vKFSvlsQvGYXZWR3qFU0jlMKHZZZgw8e+8DSah4UDKMqnknRDQz+xuQXQ/Zg==}
    engines: {node: '>= 6'}

  define-data-property@1.1.4:
    resolution: {integrity: sha512-rBMvIzlpA8v6E+SJZoo++HAYqsLrkg7MSfIinMPFhmkorw7X+dOXVJQs+QT69zGkzMyfDnIMN2Wid1+NbL3T+A==}
    engines: {node: '>= 0.4'}

  dunder-proto@1.0.1:
    resolution: {integrity: sha512-KIN/nDJBQRcXw0MLVhZE9iQHmG68qAVIBg9CqmUYjmQIhgij9U5MFvrqkUL5FbtyyzZuOeOt0zdeRe4UY7ct+A==}
    engines: {node: '>= 0.4'}

  es-define-property@1.0.1:
    resolution: {integrity: sha512-e3nRfgfUZ4rNGL232gUgX06QNyyez04KdjFrF+LTRoOXmrOgFKDg4BCdsjW8EnT69eqdYGmRpJwiPVYNrCaW3g==}
    engines: {node: '>= 0.4'}

  es-errors@1.3.0:
    resolution: {integrity: sha512-Zf5H2Kxt2xjTvbJvP2ZWLEICxA6j+hAmMzIlypy4xcBg1vKVnx89Wy0GbS+kf5cwCVFFzdCFh2XSCFNULS6csw==}
    engines: {node: '>= 0.4'}

  es-object-atoms@1.1.1:
    resolution: {integrity: sha512-FGgH2h8zKNim9ljj7dankFPcICIK9Cp5bm+c2gQSYePhpaG5+esrLODihIorn+Pe6FGJzWhXQotPv73jTaldXA==}
    engines: {node: '>= 0.4'}

  fastestsmallesttextencoderdecoder@1.0.22:
    resolution: {integrity: sha512-Pb8d48e+oIuY4MaM64Cd7OW1gt4nxCHs7/ddPPZ/Ic3sg8yVGM7O9wDvZ7us6ScaUupzM+pfBolwtYhN1IxBIw==}

  function-bind@1.1.2:
    resolution: {integrity: sha512-7XHNxH7qX9xG5mIwxkhumTox/MIRNcOgDrxWsMt2pAr23WHp6MrRlN7FBSFpCpr+oVO0F744iUgR82nJMfG2SA==}

  get-intrinsic@1.3.0:
    resolution: {integrity: sha512-9fSjSaos/fRIVIp+xSJlE6lfwhES7LNtKaCBIamHsjr2na1BiABJPo0mOjjz8GJDURarmCPGqaiVg5mfjb98CQ==}
    engines: {node: '>= 0.4'}

  get-proto@1.0.1:
    resolution: {integrity: sha512-sTSfBjoXBp89JvIKIefqw7U2CCebsc74kiY6awiGogKtoSGbgjYE/G/+l9sF3MWFPNc9IcoOC4ODfKHfxFmp0g==}
    engines: {node: '>= 0.4'}

  gopd@1.2.0:
    resolution: {integrity: sha512-ZUKRh6/kUFoAiTAtTYPZJ3hw9wNxx+BIBOijnlG9PnrJsCcSjs1wyyD6vJpaYtgnzDrKYRSqf3OO6Rfa93xsRg==}
    engines: {node: '>= 0.4'}

  has-property-descriptors@1.0.2:
    resolution: {integrity: sha512-55JNKuIW+vq4Ke1BjOTjM2YctQIvCT7GFzHwmfZPGo5wnrgkid0YQtnAleFSqumZm4az3n2BS+erby5ipJdgrg==}

  has-symbols@1.1.0:
    resolution: {integrity: sha512-1cDNdwJ2Jaohmb3sg4OmKaMBwuC48sYni5HUw2DvsC8LjGTLK9h+eb1X6RyuOHe4hT0ULCW68iomhjUoKUqlPQ==}
    engines: {node: '>= 0.4'}

  hasown@2.0.2:
    resolution: {integrity: sha512-0hJU9SCPvmMzIBdZFqNPXWa6dqh7WdH0cII9y+CyS8rG3nL48Bclra9HmKhVVUHyPWNH5Y7xDwAB7bfgSjkUMQ==}
    engines: {node: '>= 0.4'}

  isarray@2.0.5:
    resolution: {integrity: sha512-xHjhDr3cNBK0BzdUJSPXZntQUx/mwMS5Rw4A7lPJ90XGAO6ISP/ePDNuo0vhqOZU+UD5JoodwCAAoZQd3FeAKw==}

  json-stable-stringify@1.3.0:
    resolution: {integrity: sha512-qtYiSSFlwot9XHtF9bD9c7rwKjr+RecWT//ZnPvSmEjpV5mmPOCN4j8UjY5hbjNkOwZ/jQv3J6R1/pL7RwgMsg==}
    engines: {node: '>= 0.4'}

  jsonify@0.0.1:
    resolution: {integrity: sha512-2/Ki0GcmuqSrgFyelQq9M05y7PS0mEwuIzrf3f1fPqkVDVRvZrPZtVSMHxdgo8Aq0sxAOb/cr2aqqA3LeWHVPg==}

  kleur@3.0.3:
    resolution: {integrity: sha512-eTIzlVOSUR+JxdDFepEYcBMtZ9Qqdef+rnzWdRZuMbOywu5tO2w2N7rqjoANZ5k9vywhL6Br1VRjUIgTQx4E8w==}
    engines: {node: '>=6'}

  math-intrinsics@1.1.0:
    resolution: {integrity: sha512-/IXtbwEk5HTPyEwyKX6hGkYXxM9nbj64B+ilVJnC/R6B0pH5G4V3b0pVbL7DBj4tkhBAppbQUlf6F6Xl9LHu1g==}
    engines: {node: '>= 0.4'}

  nunjucks@3.2.4:
    resolution: {integrity: sha512-26XRV6BhkgK0VOxfbU5cQI+ICFUtMLixv1noZn1tGU38kQH5A5nmmbk/O45xdyBhD1esk47nKrY0mvQpZIhRjQ==}
    engines: {node: '>= 6.9.0'}
    hasBin: true
    peerDependencies:
      chokidar: ^3.3.0
    peerDependenciesMeta:
      chokidar:
        optional: true

  object-keys@1.1.1:
    resolution: {integrity: sha512-NuAESUOUMrlIXOfHKzD6bpPu3tYt3xvjNdRIQ+FeT0lNb4K8WR70CaDxhuNguS2XG+GjkyMwOzsN5ZktImfhLA==}
    engines: {node: '>= 0.4'}

  picocolors@1.1.1:
    resolution: {integrity: sha512-xceH2snhtb5M9liqDsmEw56le376mTZkEX/jEb/RxNFyegNul7eNslCXP9FDj/Lcu0X8KEyMceP2ntpaHrDEVA==}

  prompts@2.4.2:
    resolution: {integrity: sha512-NxNv/kLguCA7p3jE8oL2aEBsrJWgAakBpgmgK6lpPWV+WuOmY6r2/zbAVnP+T8bQlA0nzHXSJSJW0Hq7ylaD2Q==}
    engines: {node: '>= 6'}

  set-function-length@1.2.2:
    resolution: {integrity: sha512-pgRc4hJ4/sNjWCSS9AmnS40x3bNMDTknHgL5UaMBTMyJnU90EgWh1Rz+MC9eFu4BuN/UwZjKQuY/1v3rM7HMfg==}
    engines: {node: '>= 0.4'}

  sisteransi@1.0.5:
    resolution: {integrity: sha512-bLGGlR1QxBcynn2d5YmDX4MGjlZvy2MRBDRNHLJ8VI6l6+9FUiyTFNJ0IveOSP0bcXgVDPRcfGqA0pjaqUpfVg==}

  typescript@5.8.3:
    resolution: {integrity: sha512-p1diW6TqL9L07nNxvRMM7hMMw4c5XOo/1ibL4aAIGmSAt9slTE1Xgw5KWuof2uTOvCg9BY7ZRi+GaF+7sfgPeQ==}
    engines: {node: '>=14.17'}
    hasBin: true

snapshots:

  '@codama/cli@1.3.5':
    dependencies:
      '@codama/nodes': 1.3.7
      '@codama/visitors': 1.3.7
      '@codama/visitors-core': 1.3.7
      commander: 14.0.1
      picocolors: 1.1.1
      prompts: 2.4.2

  '@codama/errors@1.3.7':
    dependencies:
      '@codama/node-types': 1.3.7
      commander: 14.0.1
      picocolors: 1.1.1

  '@codama/node-types@1.3.7': {}

  '@codama/nodes-from-anchor@1.2.9(fastestsmallesttextencoderdecoder@1.0.22)(typescript@5.8.3)':
    dependencies:
      '@codama/errors': 1.3.7
      '@codama/nodes': 1.3.7
      '@codama/visitors': 1.3.7
      '@noble/hashes': 1.8.0
      '@solana/codecs': 3.0.3(fastestsmallesttextencoderdecoder@1.0.22)(typescript@5.8.3)
    transitivePeerDependencies:
      - fastestsmallesttextencoderdecoder
      - typescript

  '@codama/nodes@1.3.7':
    dependencies:
      '@codama/errors': 1.3.7
      '@codama/node-types': 1.3.7

  '@codama/renderers-core@1.2.2':
    dependencies:
      '@codama/errors': 1.3.7
      '@codama/nodes': 1.3.7
      '@codama/visitors-core': 1.3.7

  '@codama/renderers-rust@1.2.6(fastestsmallesttextencoderdecoder@1.0.22)(typescript@5.8.3)':
    dependencies:
      '@codama/errors': 1.3.7
      '@codama/nodes': 1.3.7
      '@codama/renderers-core': 1.2.2
      '@codama/visitors-core': 1.3.7
      '@solana/codecs-strings': 3.0.3(fastestsmallesttextencoderdecoder@1.0.22)(typescript@5.8.3)
      nunjucks: 3.2.4
    transitivePeerDependencies:
      - chokidar
      - fastestsmallesttextencoderdecoder
      - typescript

  '@codama/renderers-vixen-parser@1.2.6(fastestsmallesttextencoderdecoder@1.0.22)(typescript@5.8.3)':
    dependencies:
      '@codama/errors': 1.3.7
      '@codama/nodes': 1.3.7
      '@codama/renderers-core': 1.2.2
      '@codama/renderers-rust': 1.2.6(fastestsmallesttextencoderdecoder@1.0.22)(typescript@5.8.3)
      '@codama/visitors-core': 1.3.7
      '@solana/codecs-strings': 3.0.3(fastestsmallesttextencoderdecoder@1.0.22)(typescript@5.8.3)
      nunjucks: 3.2.4
    transitivePeerDependencies:
      - chokidar
      - fastestsmallesttextencoderdecoder
      - typescript

  '@codama/validators@1.3.7':
    dependencies:
      '@codama/errors': 1.3.7
      '@codama/nodes': 1.3.7
      '@codama/visitors-core': 1.3.7

  '@codama/visitors-core@1.3.7':
    dependencies:
      '@codama/errors': 1.3.7
      '@codama/nodes': 1.3.7
      json-stable-stringify: 1.3.0

  '@codama/visitors@1.3.7':
    dependencies:
      '@codama/errors': 1.3.7
      '@codama/nodes': 1.3.7
      '@codama/visitors-core': 1.3.7

  '@noble/hashes@1.8.0': {}

  '@solana/codecs-core@3.0.3(typescript@5.8.3)':
    dependencies:
      '@solana/errors': 3.0.3(typescript@5.8.3)
      typescript: 5.8.3

  '@solana/codecs-data-structures@3.0.3(typescript@5.8.3)':
    dependencies:
      '@solana/codecs-core': 3.0.3(typescript@5.8.3)
      '@solana/codecs-numbers': 3.0.3(typescript@5.8.3)
      '@solana/errors': 3.0.3(typescript@5.8.3)
      typescript: 5.8.3

  '@solana/codecs-numbers@3.0.3(typescript@5.8.3)':
    dependencies:
      '@solana/codecs-core': 3.0.3(typescript@5.8.3)
      '@solana/errors': 3.0.3(typescript@5.8.3)
      typescript: 5.8.3

  '@solana/codecs-strings@3.0.3(fastestsmallesttextencoderdecoder@1.0.22)(typescript@5.8.3)':
    dependencies:
      '@solana/codecs-core': 3.0.3(typescript@5.8.3)
      '@solana/codecs-numbers': 3.0.3(typescript@5.8.3)
      '@solana/errors': 3.0.3(typescript@5.8.3)
      fastestsmallesttextencoderdecoder: 1.0.22
      typescript: 5.8.3

  '@solana/codecs@3.0.3(fastestsmallesttextencoderdecoder@1.0.22)(typescript@5.8.3)':
    dependencies:
      '@solana/codecs-core': 3.0.3(typescript@5.8.3)
      '@solana/codecs-data-structures': 3.0.3(typescript@5.8.3)
      '@solana/codecs-numbers': 3.0.3(typescript@5.8.3)
      '@solana/codecs-strings': 3.0.3(fastestsmallesttextencoderdecoder@1.0.22)(typescript@5.8.3)
      '@solana/options': 3.0.3(fastestsmallesttextencoderdecoder@1.0.22)(typescript@5.8.3)
      typescript: 5.8.3
    transitivePeerDependencies:
      - fastestsmallesttextencoderdecoder

  '@solana/errors@3.0.3(typescript@5.8.3)':
    dependencies:
      chalk: 5.6.2
      commander: 14.0.0
      typescript: 5.8.3

  '@solana/options@3.0.3(fastestsmallesttextencoderdecoder@1.0.22)(typescript@5.8.3)':
    dependencies:
      '@solana/codecs-core': 3.0.3(typescript@5.8.3)
      '@solana/codecs-data-structures': 3.0.3(typescript@5.8.3)
      '@solana/codecs-numbers': 3.0.3(typescript@5.8.3)
      '@solana/codecs-strings': 3.0.3(fastestsmallesttextencoderdecoder@1.0.22)(typescript@5.8.3)
      '@solana/errors': 3.0.3(typescript@5.8.3)
      typescript: 5.8.3
    transitivePeerDependencies:
      - fastestsmallesttextencoderdecoder

  a-sync-waterfall@1.0.1: {}

  asap@2.0.6: {}

  call-bind-apply-helpers@1.0.2:
    dependencies:
      es-errors: 1.3.0
      function-bind: 1.1.2

  call-bind@1.0.8:
    dependencies:
      call-bind-apply-helpers: 1.0.2
      es-define-property: 1.0.1
      get-intrinsic: 1.3.0
      set-function-length: 1.2.2

  call-bound@1.0.4:
    dependencies:
      call-bind-apply-helpers: 1.0.2
      get-intrinsic: 1.3.0

  chalk@5.6.2: {}

  codama@1.3.7:
    dependencies:
      '@codama/cli': 1.3.5
      '@codama/errors': 1.3.7
      '@codama/nodes': 1.3.7
      '@codama/validators': 1.3.7
      '@codama/visitors': 1.3.7

  commander@14.0.0: {}

  commander@14.0.1: {}

  commander@5.1.0: {}

  define-data-property@1.1.4:
    dependencies:
      es-define-property: 1.0.1
      es-errors: 1.3.0
      gopd: 1.2.0

  dunder-proto@1.0.1:
    dependencies:
      call-bind-apply-helpers: 1.0.2
      es-errors: 1.3.0
      gopd: 1.2.0

  es-define-property@1.0.1: {}

  es-errors@1.3.0: {}

  es-object-atoms@1.1.1:
    dependencies:
      es-errors: 1.3.0

  fastestsmallesttextencoderdecoder@1.0.22: {}

  function-bind@1.1.2: {}

  get-intrinsic@1.3.0:
    dependencies:
      call-bind-apply-helpers: 1.0.2
      es-define-property: 1.0.1
      es-errors: 1.3.0
      es-object-atoms: 1.1.1
      function-bind: 1.1.2
      get-proto: 1.0.1
      gopd: 1.2.0
      has-symbols: 1.1.0
      hasown: 2.0.2
      math-intrinsics: 1.1.0

  get-proto@1.0.1:
    dependencies:
      dunder-proto: 1.0.1
      es-object-atoms: 1.1.1

  gopd@1.2.0: {}

  has-property-descriptors@1.0.2:
    dependencies:
      es-define-property: 1.0.1

  has-symbols@1.1.0: {}

  hasown@2.0.2:
    dependencies:
      function-bind: 1.1.2

  isarray@2.0.5: {}

  json-stable-stringify@1.3.0:
    dependencies:
      call-bind: 1.0.8
      call-bound: 1.0.4
      isarray: 2.0.5
      jsonify: 0.0.1
      object-keys: 1.1.1

  jsonify@0.0.1: {}

  kleur@3.0.3: {}

  math-intrinsics@1.1.0: {}

  nunjucks@3.2.4:
    dependencies:
      a-sync-waterfall: 1.0.1
      asap: 2.0.6
      commander: 5.1.0

  object-keys@1.1.1: {}

  picocolors@1.1.1: {}

  prompts@2.4.2:
    dependencies:
      kleur: 3.0.3
      sisteransi: 1.0.5

  set-function-length@1.2.2:
    dependencies:
      define-data-property: 1.1.4
      es-errors: 1.3.0
      function-bind: 1.1.2
      get-intrinsic: 1.3.0
      gopd: 1.2.0
      has-property-descriptors: 1.0.2

  sisteransi@1.0.5: {}

  typescript@5.8.3: {}
