lockfileVersion: '9.0'

settings:
  autoInstallPeers: true
  excludeLinksFromLockfile: false

importers:

  .:
    dependencies:
      '@codama/nodes':
        specifier: ^1.2.10
        version: 1.2.10
      '@codama/nodes-from-anchor':
        specifier: ^1.1.10
        version: 1.1.10(fastestsmallesttextencoderdecoder@1.0.22)(typescript@5.8.2)
      '@codama/renderers-core':
        specifier: ^1.0.12
        version: 1.0.12
      '@codama/renderers-rust':
        specifier: ^1.0.18
        version: 1.0.18(fastestsmallesttextencoderdecoder@1.0.22)(typescript@5.8.2)
      '@codama/renderers-vixen-parser':
        specifier: ^1.0.10
        version: 1.0.10(fastestsmallesttextencoderdecoder@1.0.22)(typescript@5.8.2)
      '@codama/visitors-core':
        specifier: ^1.2.10
        version: 1.2.10

packages:

  '@codama/errors@1.2.10':
    resolution: {integrity: sha512-QWhngQ7bND7/bsUS6jgDTxFBIC/lhZPlmjwS+5y5KMSvqA6g4ltOV77mvxX+eTYsR7IW64Jg99JD11vtKYN64w==}
    hasBin: true

  '@codama/node-types@1.2.10':
    resolution: {integrity: sha512-3GuQNII/w/HA08DUtxaNkBEo9DMEkgHBJMH+WxVOb0JmU4BEk9guUyVJQaOZLn6GJmuNlaNRQ6IA31RTiuE6vg==}

  '@codama/nodes-from-anchor@1.1.10':
    resolution: {integrity: sha512-/FqsiZSw0n4TcRcgk5sBM2kcQ09R17FbcH3n1CF4MnQVjRwFWi2e8L2P/bxcI8KqImp+rt4My+b4ojHP01tKcA==}

  '@codama/nodes@1.2.10':
    resolution: {integrity: sha512-ZQWYkKEuD3fj3Aj6r3KB1QvT8C6XGO8BG1B8VyGdiej6S19VZ6feadR9Ehk2AxfjHjmhVGoIhTxHla+SjPm0iA==}

  '@codama/renderers-core@1.0.12':
    resolution: {integrity: sha512-C/xvfjdEqo2JQ7bSGLhGvKrq4/pgF+NWgWWJfBD5PO9br6yJLb0BBgxZRSc9YsN6NrzhAJhTVYuXswpt/IDXkg==}

  '@codama/renderers-rust@1.0.18':
    resolution: {integrity: sha512-SrohRhXScNXY8+x2ehFBKXidp6VTdHXtaD4TfIVIzIrYtvMzUKHtzEleWfwsTd/9JE+XXwwIk8ztQgbehMmVEw==}

  '@codama/renderers-vixen-parser@1.0.10':
    resolution: {integrity: sha512-CfWtZimfNw9Bleipr0N8t8ziHIJxxWI4jfjvpHRcC41VSD2La6e9s3C/x8lzcvtdPodU+RiKhj6a98Au9vOQAA==}

  '@codama/visitors-core@1.2.10':
    resolution: {integrity: sha512-F/TcJLra8teyjc72GJU+oPvg8gI3B7s3DToAsG++8fqJnHPqF2AUGqpojSnMlUdpiwKYlnQckJp3qC1yXnZBtw==}

  '@codama/visitors@1.2.10':
    resolution: {integrity: sha512-Y94kFc17MtZy7oW19QdhNO0sVkMvE+nSPefnhtexNiiIXUaDDNu/fu1BVDRw5t9j/nr3oNKHxJqm8S4OzDYUhg==}

  '@noble/hashes@1.7.1':
    resolution: {integrity: sha512-B8XBPsn4vT/KJAGqDzbwztd+6Yte3P4V7iafm24bxgDe/mlRuK6xmWPuCNrKt2vDafZ8MfJLlchDG/vYafQEjQ==}
    engines: {node: ^14.21.3 || >=16}

  '@solana/codecs-core@2.0.0-rc.4':
    resolution: {integrity: sha512-JIrTSps032mSE3wBxW3bXOqWfoy4CMy1CX/XeVCijyh5kLVxZTSDIdRTYdePdL1yzaOZF1Xysvt1DhOUgBdM+A==}
    engines: {node: '>=20.18.0'}
    peerDependencies:
      typescript: '>=5'

  '@solana/codecs-core@2.1.0':
    resolution: {integrity: sha512-SR7pKtmJBg2mhmkel2NeHA1pz06QeQXdMv8WJoIR9m8F/hw80K/612uaYbwTt2nkK0jg/Qn/rNSd7EcJ4SBGjw==}
    engines: {node: '>=20.18.0'}
    peerDependencies:
      typescript: '>=5'

  '@solana/codecs-data-structures@2.1.0':
    resolution: {integrity: sha512-oDF5ek54kirqJ09q8k/qEpobBiWOhd3CkkGOTyfjsmTF/IGIigNbdYIakxV3+vudBeaNBw08y0XdBYI4JL/nqA==}
    engines: {node: '>=20.18.0'}
    peerDependencies:
      typescript: '>=5'

  '@solana/codecs-numbers@2.0.0-rc.4':
    resolution: {integrity: sha512-ZJR7TaUO65+3Hzo3YOOUCS0wlzh17IW+j0MZC2LCk1R0woaypRpHKj4iSMYeQOZkMxsd9QT3WNvjFrPC2qA6Sw==}
    engines: {node: '>=20.18.0'}
    peerDependencies:
      typescript: '>=5'

  '@solana/codecs-numbers@2.1.0':
    resolution: {integrity: sha512-XMu4yw5iCgQnMKsxSWPPOrGgtaohmupN3eyAtYv3K3C/MJEc5V90h74k5B1GUCiHvcrdUDO9RclNjD9lgbjFag==}
    engines: {node: '>=20.18.0'}
    peerDependencies:
      typescript: '>=5'

  '@solana/codecs-strings@2.0.0-rc.4':
    resolution: {integrity: sha512-LGfK2RL0BKjYYUfzu2FG/gTgCsYOMz9FKVs2ntji6WneZygPxJTV5W98K3J8Rl0JewpCSCFQH3xjLSHBJUS0fA==}
    engines: {node: '>=20.18.0'}
    peerDependencies:
      fastestsmallesttextencoderdecoder: ^1.0.22
      typescript: '>=5'

  '@solana/codecs-strings@2.1.0':
    resolution: {integrity: sha512-O/eJFLzFrHomcCR1Y5QbIqoPo7iaJaWNnIeskB4mVhVjLyjlJS4WtBP2NBRzM9uJXaXyOxxKroqqO9zFsHOpvQ==}
    engines: {node: '>=20.18.0'}
    peerDependencies:
      fastestsmallesttextencoderdecoder: ^1.0.22
      typescript: '>=5'

  '@solana/codecs@2.1.0':
    resolution: {integrity: sha512-C0TnfrpbTg7zoIFYfM65ofeL2AWEz80OsD6mjVdcTKpb1Uj7XuBuNLss3dMnatPQaL7RagD9VLA5/WfYayyteQ==}
    engines: {node: '>=20.18.0'}
    peerDependencies:
      typescript: '>=5'

  '@solana/errors@2.0.0-rc.4':
    resolution: {integrity: sha512-0PPaMyB81keEHG/1pnyEuiBVKctbXO641M2w3CIOrYT/wzjunfF0FTxsqq9wYJeYo0AyiefCKGgSPs6wiY2PpQ==}
    engines: {node: '>=20.18.0'}
    hasBin: true
    peerDependencies:
      typescript: '>=5'

  '@solana/errors@2.1.0':
    resolution: {integrity: sha512-l+GxAv0Ar4d3c3PlZdA9G++wFYZREEbbRyAFP8+n8HSg0vudCuzogh/13io6hYuUhG/9Ve8ARZNamhV7UScKNw==}
    engines: {node: '>=20.18.0'}
    hasBin: true
    peerDependencies:
      typescript: '>=5'

  '@solana/options@2.1.0':
    resolution: {integrity: sha512-T/vJCr8qnwK6HxriOPXCrx31IpA9ZYecxuOzQ3G74kIayED4spmpXp6PLtRYR/fo2LZ6UcgHN0qSgONnvwEweg==}
    engines: {node: '>=20.18.0'}
    peerDependencies:
      typescript: '>=5'

  a-sync-waterfall@1.0.1:
    resolution: {integrity: sha512-RYTOHHdWipFUliRFMCS4X2Yn2X8M87V/OpSqWzKKOGhzqyUxzyVmhHDH9sAvG+ZuQf/TAOFsLCpMw09I1ufUnA==}

  asap@2.0.6:
    resolution: {integrity: sha512-BSHWgDSAiKs50o2Re8ppvp3seVHXSRM44cdSsT9FfNEUUZLOGWVCsiWaRPWM1Znn+mqZ1OfVZ3z3DWEzSp7hRA==}

  call-bind-apply-helpers@1.0.2:
    resolution: {integrity: sha512-Sp1ablJ0ivDkSzjcaJdxEunN5/XvksFJ2sMBFfq6x0ryhQV/2b/KwFe21cMpmHtPOSij8K99/wSfoEuTObmuMQ==}
    engines: {node: '>= 0.4'}

  call-bind@1.0.8:
    resolution: {integrity: sha512-oKlSFMcMwpUg2ednkhQ454wfWiU/ul3CkJe/PEHcTKuiX6RpbehUiFMXu13HalGZxfUwCQzZG747YXBn1im9ww==}
    engines: {node: '>= 0.4'}

  call-bound@1.0.4:
    resolution: {integrity: sha512-+ys997U96po4Kx/ABpBCqhA9EuxJaQWDQg7295H4hBphv3IZg0boBKuwYpt4YXp6MZ5AmZQnU/tyMTlRpaSejg==}
    engines: {node: '>= 0.4'}

  chalk@5.4.1:
    resolution: {integrity: sha512-zgVZuo2WcZgfUEmsn6eO3kINexW8RAE4maiQ8QNs8CtpPCSyMiYsULR3HQYkm3w8FIA3SberyMJMSldGsW+U3w==}
    engines: {node: ^12.17.0 || ^14.13 || >=16.0.0}

  commander@12.1.0:
    resolution: {integrity: sha512-Vw8qHK3bZM9y/P10u3Vib8o/DdkvA2OtPtZvD871QKjy74Wj1WSKFILMPRPSdUSx5RFK1arlJzEtA4PkFgnbuA==}
    engines: {node: '>=18'}

  commander@13.1.0:
    resolution: {integrity: sha512-/rFeCpNJQbhSZjGVwO9RFV3xPqbnERS8MmIQzCtD/zl6gpJuV/bMLuN92oG3F7d8oDEHHRrujSXNUr8fpjntKw==}
    engines: {node: '>=18'}

  commander@5.1.0:
    resolution: {integrity: sha512-P0CysNDQ7rtVw4QIQtm+MRxV66vKFSvlsQvGYXZWR3qFU0jlMKHZZZgw8e+8DSah4UDKMqnknRDQz+xuQXQ/Zg==}
    engines: {node: '>= 6'}

  define-data-property@1.1.4:
    resolution: {integrity: sha512-rBMvIzlpA8v6E+SJZoo++HAYqsLrkg7MSfIinMPFhmkorw7X+dOXVJQs+QT69zGkzMyfDnIMN2Wid1+NbL3T+A==}
    engines: {node: '>= 0.4'}

  dunder-proto@1.0.1:
    resolution: {integrity: sha512-KIN/nDJBQRcXw0MLVhZE9iQHmG68qAVIBg9CqmUYjmQIhgij9U5MFvrqkUL5FbtyyzZuOeOt0zdeRe4UY7ct+A==}
    engines: {node: '>= 0.4'}

  es-define-property@1.0.1:
    resolution: {integrity: sha512-e3nRfgfUZ4rNGL232gUgX06QNyyez04KdjFrF+LTRoOXmrOgFKDg4BCdsjW8EnT69eqdYGmRpJwiPVYNrCaW3g==}
    engines: {node: '>= 0.4'}

  es-errors@1.3.0:
    resolution: {integrity: sha512-Zf5H2Kxt2xjTvbJvP2ZWLEICxA6j+hAmMzIlypy4xcBg1vKVnx89Wy0GbS+kf5cwCVFFzdCFh2XSCFNULS6csw==}
    engines: {node: '>= 0.4'}

  es-object-atoms@1.1.1:
    resolution: {integrity: sha512-FGgH2h8zKNim9ljj7dankFPcICIK9Cp5bm+c2gQSYePhpaG5+esrLODihIorn+Pe6FGJzWhXQotPv73jTaldXA==}
    engines: {node: '>= 0.4'}

  fastestsmallesttextencoderdecoder@1.0.22:
    resolution: {integrity: sha512-Pb8d48e+oIuY4MaM64Cd7OW1gt4nxCHs7/ddPPZ/Ic3sg8yVGM7O9wDvZ7us6ScaUupzM+pfBolwtYhN1IxBIw==}

  function-bind@1.1.2:
    resolution: {integrity: sha512-7XHNxH7qX9xG5mIwxkhumTox/MIRNcOgDrxWsMt2pAr23WHp6MrRlN7FBSFpCpr+oVO0F744iUgR82nJMfG2SA==}

  get-intrinsic@1.3.0:
    resolution: {integrity: sha512-9fSjSaos/fRIVIp+xSJlE6lfwhES7LNtKaCBIamHsjr2na1BiABJPo0mOjjz8GJDURarmCPGqaiVg5mfjb98CQ==}
    engines: {node: '>= 0.4'}

  get-proto@1.0.1:
    resolution: {integrity: sha512-sTSfBjoXBp89JvIKIefqw7U2CCebsc74kiY6awiGogKtoSGbgjYE/G/+l9sF3MWFPNc9IcoOC4ODfKHfxFmp0g==}
    engines: {node: '>= 0.4'}

  gopd@1.2.0:
    resolution: {integrity: sha512-ZUKRh6/kUFoAiTAtTYPZJ3hw9wNxx+BIBOijnlG9PnrJsCcSjs1wyyD6vJpaYtgnzDrKYRSqf3OO6Rfa93xsRg==}
    engines: {node: '>= 0.4'}

  has-property-descriptors@1.0.2:
    resolution: {integrity: sha512-55JNKuIW+vq4Ke1BjOTjM2YctQIvCT7GFzHwmfZPGo5wnrgkid0YQtnAleFSqumZm4az3n2BS+erby5ipJdgrg==}

  has-symbols@1.1.0:
    resolution: {integrity: sha512-1cDNdwJ2Jaohmb3sg4OmKaMBwuC48sYni5HUw2DvsC8LjGTLK9h+eb1X6RyuOHe4hT0ULCW68iomhjUoKUqlPQ==}
    engines: {node: '>= 0.4'}

  hasown@2.0.2:
    resolution: {integrity: sha512-0hJU9SCPvmMzIBdZFqNPXWa6dqh7WdH0cII9y+CyS8rG3nL48Bclra9HmKhVVUHyPWNH5Y7xDwAB7bfgSjkUMQ==}
    engines: {node: '>= 0.4'}

  isarray@2.0.5:
    resolution: {integrity: sha512-xHjhDr3cNBK0BzdUJSPXZntQUx/mwMS5Rw4A7lPJ90XGAO6ISP/ePDNuo0vhqOZU+UD5JoodwCAAoZQd3FeAKw==}

  json-stable-stringify@1.2.1:
    resolution: {integrity: sha512-Lp6HbbBgosLmJbjx0pBLbgvx68FaFU1sdkmBuckmhhJ88kL13OA51CDtR2yJB50eCNMH9wRqtQNNiAqQH4YXnA==}
    engines: {node: '>= 0.4'}

  jsonify@0.0.1:
    resolution: {integrity: sha512-2/Ki0GcmuqSrgFyelQq9M05y7PS0mEwuIzrf3f1fPqkVDVRvZrPZtVSMHxdgo8Aq0sxAOb/cr2aqqA3LeWHVPg==}

  math-intrinsics@1.1.0:
    resolution: {integrity: sha512-/IXtbwEk5HTPyEwyKX6hGkYXxM9nbj64B+ilVJnC/R6B0pH5G4V3b0pVbL7DBj4tkhBAppbQUlf6F6Xl9LHu1g==}
    engines: {node: '>= 0.4'}

  nunjucks@3.2.4:
    resolution: {integrity: sha512-26XRV6BhkgK0VOxfbU5cQI+ICFUtMLixv1noZn1tGU38kQH5A5nmmbk/O45xdyBhD1esk47nKrY0mvQpZIhRjQ==}
    engines: {node: '>= 6.9.0'}
    hasBin: true
    peerDependencies:
      chokidar: ^3.3.0
    peerDependenciesMeta:
      chokidar:
        optional: true

  object-keys@1.1.1:
    resolution: {integrity: sha512-NuAESUOUMrlIXOfHKzD6bpPu3tYt3xvjNdRIQ+FeT0lNb4K8WR70CaDxhuNguS2XG+GjkyMwOzsN5ZktImfhLA==}
    engines: {node: '>= 0.4'}

  set-function-length@1.2.2:
    resolution: {integrity: sha512-pgRc4hJ4/sNjWCSS9AmnS40x3bNMDTknHgL5UaMBTMyJnU90EgWh1Rz+MC9eFu4BuN/UwZjKQuY/1v3rM7HMfg==}
    engines: {node: '>= 0.4'}

  typescript@5.8.2:
    resolution: {integrity: sha512-aJn6wq13/afZp/jT9QZmwEjDqqvSGp1VT5GVg+f/t6/oVyrgXM6BY1h9BRh/O5p3PlUPAe+WuiEZOmb/49RqoQ==}
    engines: {node: '>=14.17'}
    hasBin: true

snapshots:

  '@codama/errors@1.2.10':
    dependencies:
      '@codama/node-types': 1.2.10
      chalk: 5.4.1
      commander: 13.1.0

  '@codama/node-types@1.2.10': {}

  '@codama/nodes-from-anchor@1.1.10(fastestsmallesttextencoderdecoder@1.0.22)(typescript@5.8.2)':
    dependencies:
      '@codama/errors': 1.2.10
      '@codama/nodes': 1.2.10
      '@codama/visitors': 1.2.10
      '@noble/hashes': 1.7.1
      '@solana/codecs': 2.1.0(fastestsmallesttextencoderdecoder@1.0.22)(typescript@5.8.2)
    transitivePeerDependencies:
      - fastestsmallesttextencoderdecoder
      - typescript

  '@codama/nodes@1.2.10':
    dependencies:
      '@codama/errors': 1.2.10
      '@codama/node-types': 1.2.10

  '@codama/renderers-core@1.0.12':
    dependencies:
      '@codama/errors': 1.2.10
      '@codama/nodes': 1.2.10
      '@codama/visitors-core': 1.2.10

  '@codama/renderers-rust@1.0.18(fastestsmallesttextencoderdecoder@1.0.22)(typescript@5.8.2)':
    dependencies:
      '@codama/errors': 1.2.10
      '@codama/nodes': 1.2.10
      '@codama/renderers-core': 1.0.12
      '@codama/visitors-core': 1.2.10
      '@solana/codecs-strings': 2.0.0-rc.4(fastestsmallesttextencoderdecoder@1.0.22)(typescript@5.8.2)
      nunjucks: 3.2.4
    transitivePeerDependencies:
      - chokidar
      - fastestsmallesttextencoderdecoder
      - typescript

  '@codama/renderers-vixen-parser@1.0.10(fastestsmallesttextencoderdecoder@1.0.22)(typescript@5.8.2)':
    dependencies:
      '@codama/errors': 1.2.10
      '@codama/nodes': 1.2.10
      '@codama/renderers-core': 1.0.12
      '@codama/visitors-core': 1.2.10
      '@solana/codecs-strings': 2.0.0-rc.4(fastestsmallesttextencoderdecoder@1.0.22)(typescript@5.8.2)
      nunjucks: 3.2.4
    transitivePeerDependencies:
      - chokidar
      - fastestsmallesttextencoderdecoder
      - typescript

  '@codama/visitors-core@1.2.10':
    dependencies:
      '@codama/errors': 1.2.10
      '@codama/nodes': 1.2.10
      json-stable-stringify: 1.2.1

  '@codama/visitors@1.2.10':
    dependencies:
      '@codama/errors': 1.2.10
      '@codama/nodes': 1.2.10
      '@codama/visitors-core': 1.2.10

  '@noble/hashes@1.7.1': {}

  '@solana/codecs-core@2.0.0-rc.4(typescript@5.8.2)':
    dependencies:
      '@solana/errors': 2.0.0-rc.4(typescript@5.8.2)
      typescript: 5.8.2

  '@solana/codecs-core@2.1.0(typescript@5.8.2)':
    dependencies:
      '@solana/errors': 2.1.0(typescript@5.8.2)
      typescript: 5.8.2

  '@solana/codecs-data-structures@2.1.0(typescript@5.8.2)':
    dependencies:
      '@solana/codecs-core': 2.1.0(typescript@5.8.2)
      '@solana/codecs-numbers': 2.1.0(typescript@5.8.2)
      '@solana/errors': 2.1.0(typescript@5.8.2)
      typescript: 5.8.2

  '@solana/codecs-numbers@2.0.0-rc.4(typescript@5.8.2)':
    dependencies:
      '@solana/codecs-core': 2.0.0-rc.4(typescript@5.8.2)
      '@solana/errors': 2.0.0-rc.4(typescript@5.8.2)
      typescript: 5.8.2

  '@solana/codecs-numbers@2.1.0(typescript@5.8.2)':
    dependencies:
      '@solana/codecs-core': 2.1.0(typescript@5.8.2)
      '@solana/errors': 2.1.0(typescript@5.8.2)
      typescript: 5.8.2

  '@solana/codecs-strings@2.0.0-rc.4(fastestsmallesttextencoderdecoder@1.0.22)(typescript@5.8.2)':
    dependencies:
      '@solana/codecs-core': 2.0.0-rc.4(typescript@5.8.2)
      '@solana/codecs-numbers': 2.0.0-rc.4(typescript@5.8.2)
      '@solana/errors': 2.0.0-rc.4(typescript@5.8.2)
      fastestsmallesttextencoderdecoder: 1.0.22
      typescript: 5.8.2

  '@solana/codecs-strings@2.1.0(fastestsmallesttextencoderdecoder@1.0.22)(typescript@5.8.2)':
    dependencies:
      '@solana/codecs-core': 2.1.0(typescript@5.8.2)
      '@solana/codecs-numbers': 2.1.0(typescript@5.8.2)
      '@solana/errors': 2.1.0(typescript@5.8.2)
      fastestsmallesttextencoderdecoder: 1.0.22
      typescript: 5.8.2

  '@solana/codecs@2.1.0(fastestsmallesttextencoderdecoder@1.0.22)(typescript@5.8.2)':
    dependencies:
      '@solana/codecs-core': 2.1.0(typescript@5.8.2)
      '@solana/codecs-data-structures': 2.1.0(typescript@5.8.2)
      '@solana/codecs-numbers': 2.1.0(typescript@5.8.2)
      '@solana/codecs-strings': 2.1.0(fastestsmallesttextencoderdecoder@1.0.22)(typescript@5.8.2)
      '@solana/options': 2.1.0(fastestsmallesttextencoderdecoder@1.0.22)(typescript@5.8.2)
      typescript: 5.8.2
    transitivePeerDependencies:
      - fastestsmallesttextencoderdecoder

  '@solana/errors@2.0.0-rc.4(typescript@5.8.2)':
    dependencies:
      chalk: 5.4.1
      commander: 12.1.0
      typescript: 5.8.2

  '@solana/errors@2.1.0(typescript@5.8.2)':
    dependencies:
      chalk: 5.4.1
      commander: 13.1.0
      typescript: 5.8.2

  '@solana/options@2.1.0(fastestsmallesttextencoderdecoder@1.0.22)(typescript@5.8.2)':
    dependencies:
      '@solana/codecs-core': 2.1.0(typescript@5.8.2)
      '@solana/codecs-data-structures': 2.1.0(typescript@5.8.2)
      '@solana/codecs-numbers': 2.1.0(typescript@5.8.2)
      '@solana/codecs-strings': 2.1.0(fastestsmallesttextencoderdecoder@1.0.22)(typescript@5.8.2)
      '@solana/errors': 2.1.0(typescript@5.8.2)
      typescript: 5.8.2
    transitivePeerDependencies:
      - fastestsmallesttextencoderdecoder

  a-sync-waterfall@1.0.1: {}

  asap@2.0.6: {}

  call-bind-apply-helpers@1.0.2:
    dependencies:
      es-errors: 1.3.0
      function-bind: 1.1.2

  call-bind@1.0.8:
    dependencies:
      call-bind-apply-helpers: 1.0.2
      es-define-property: 1.0.1
      get-intrinsic: 1.3.0
      set-function-length: 1.2.2

  call-bound@1.0.4:
    dependencies:
      call-bind-apply-helpers: 1.0.2
      get-intrinsic: 1.3.0

  chalk@5.4.1: {}

  commander@12.1.0: {}

  commander@13.1.0: {}

  commander@5.1.0: {}

  define-data-property@1.1.4:
    dependencies:
      es-define-property: 1.0.1
      es-errors: 1.3.0
      gopd: 1.2.0

  dunder-proto@1.0.1:
    dependencies:
      call-bind-apply-helpers: 1.0.2
      es-errors: 1.3.0
      gopd: 1.2.0

  es-define-property@1.0.1: {}

  es-errors@1.3.0: {}

  es-object-atoms@1.1.1:
    dependencies:
      es-errors: 1.3.0

  fastestsmallesttextencoderdecoder@1.0.22: {}

  function-bind@1.1.2: {}

  get-intrinsic@1.3.0:
    dependencies:
      call-bind-apply-helpers: 1.0.2
      es-define-property: 1.0.1
      es-errors: 1.3.0
      es-object-atoms: 1.1.1
      function-bind: 1.1.2
      get-proto: 1.0.1
      gopd: 1.2.0
      has-symbols: 1.1.0
      hasown: 2.0.2
      math-intrinsics: 1.1.0

  get-proto@1.0.1:
    dependencies:
      dunder-proto: 1.0.1
      es-object-atoms: 1.1.1

  gopd@1.2.0: {}

  has-property-descriptors@1.0.2:
    dependencies:
      es-define-property: 1.0.1

  has-symbols@1.1.0: {}

  hasown@2.0.2:
    dependencies:
      function-bind: 1.1.2

  isarray@2.0.5: {}

  json-stable-stringify@1.2.1:
    dependencies:
      call-bind: 1.0.8
      call-bound: 1.0.4
      isarray: 2.0.5
      jsonify: 0.0.1
      object-keys: 1.1.1

  jsonify@0.0.1: {}

  math-intrinsics@1.1.0: {}

  nunjucks@3.2.4:
    dependencies:
      a-sync-waterfall: 1.0.1
      asap: 2.0.6
      commander: 5.1.0

  object-keys@1.1.1: {}

  set-function-length@1.2.2:
    dependencies:
      define-data-property: 1.1.4
      es-errors: 1.3.0
      function-bind: 1.1.2
      get-intrinsic: 1.3.0
      gopd: 1.2.0
      has-property-descriptors: 1.0.2

  typescript@5.8.2: {}
